{
    "_meta": {
        "hash": {
            "sha256": "4b009e7c8e2d743a5ce6fee7615bdab05df2cccfab06881e3d1a76c552722f14"
        },
        "pipfile-spec": 6,
        "requires": {
            "python_version": "3.11"
        },
        "sources": [
            {
                "name": "pypi",
                "url": "https://pypi.org/simple",
                "verify_ssl": true
            }
        ]
    },
    "default": {},
    "develop": {}
}
